<?xml version="1.0" encoding="UTF-8"?>
<Scheme LastUpgradeVersion="2660" version="1.7">
  <BuildAction parallelizeBuildables="NO" buildImplicitDependencies="YES">
    <BuildActionEntries>
      <BuildActionEntry buildForTesting="YES" buildForRunning="NO" buildForProfiling="NO" buildForArchiving="NO" buildForAnalyzing="NO">
        <BuildableReference BuildableIdentifier="primary" BlueprintIdentifier="T20000000000000000000001" BuildableName="BridgeLabUITests.xctest" BlueprintName="BridgeLabUITests" ReferencedContainer="container:BridgeLab.xcodeproj"/>
      </BuildActionEntry>
    </BuildActionEntries>
  </BuildAction>
  <TestAction buildConfiguration="Debug" selectedDebuggerIdentifier="" selectedLauncherIdentifier="Xcode.IDEFoundation.Launcher.PosixSpawn" shouldUseLaunchSchemeArgsEnv="NO">
    <Testables>
      <TestableReference skipped="NO" parallelizable="NO">
        <BuildableReference BuildableIdentifier="primary" BlueprintIdentifier="T20000000000000000000001" BuildableName="BridgeLabUITests.xctest" BlueprintName="BridgeLabUITests" ReferencedContainer="container:BridgeLab.xcodeproj"/>
      </TestableReference>
    </Testables>
  </TestAction>
</Scheme>
