// !$*UTF8*$!
{
	archiveVersion = 1;
	classes = {};
	objectVersion = 60;
	objects = {
		B40000000000000000000001 = {isa = PBXBuildFile; fileRef = F40000000000000000000001; };
		F40000000000000000000001 = {isa = PBXFileReference; lastKnownFileType = sourcecode.swift; path = Tests/BridgeLabCoreTests/LiveWebKitTests.swift; sourceTree = SOURCE_ROOT; };
		B20000000000000000000001 = {isa = PBXBuildFile; fileRef = F20000000000000000000001; };
		F20000000000000000000001 = {isa = PBXFileReference; lastKnownFileType = sourcecode.swift; path = Tests/BridgeLabUITests/SameBinaryTests.swift; sourceTree = SOURCE_ROOT; };
		F20000000000000000000002 = {isa = PBXFileReference; explicitFileType = wrapper.cfbundle; path = BridgeLabUITests.xctest; sourceTree = BUILT_PRODUCTS_DIR; };
		D20000000000000000000001 = {isa = PBXSourcesBuildPhase; buildActionMask = 2147483647; files = (B20000000000000000000001,); runOnlyForDeploymentPostprocessing = 0; };
		D20000000000000000000002 = {isa = PBXFrameworksBuildPhase; buildActionMask = 2147483647; files = (); runOnlyForDeploymentPostprocessing = 0; };
		D20000000000000000000003 = {isa = PBXResourcesBuildPhase; buildActionMask = 2147483647; files = (); runOnlyForDeploymentPostprocessing = 0; };
		T20000000000000000000001 = {isa = PBXNativeTarget; buildConfigurationList = L20000000000000000000001; buildPhases = (D20000000000000000000001, D20000000000000000000002, D20000000000000000000003,); buildRules = (); dependencies = (Y10000000000000000000001,); name = BridgeLabUITests; productName = BridgeLabUITests; productReference = F20000000000000000000002; productType = "com.apple.product-type.bundle.ui-testing"; };
		L20000000000000000000001 = {isa = XCConfigurationList; buildConfigurations = (X20000000000000000000001, X20000000000000000000002,); defaultConfigurationIsVisible = 0; defaultConfigurationName = Release; };
		X20000000000000000000001 = {isa = XCBuildConfiguration; buildSettings = {CODE_SIGNING_ALLOWED = NO; CODE_SIGNING_REQUIRED = NO; GENERATE_INFOPLIST_FILE = YES; INFOPLIST_KEY_NSAppTransportSecurity_NSAllowsLocalNetworking = YES; IPHONEOS_DEPLOYMENT_TARGET = 17.0; PRODUCT_BUNDLE_IDENTIFIER = lab.webnative.BridgeLabUITests; PRODUCT_NAME = "$(TARGET_NAME)"; SUPPORTED_PLATFORMS = iphonesimulator; SWIFT_VERSION = 5.0; TARGETED_DEVICE_FAMILY = "1,2"; TEST_TARGET_NAME = BridgeLab;}; name = Debug; };
		X20000000000000000000002 = {isa = XCBuildConfiguration; buildSettings = {CODE_SIGNING_ALLOWED = NO; CODE_SIGNING_REQUIRED = NO; GENERATE_INFOPLIST_FILE = YES; INFOPLIST_KEY_NSAppTransportSecurity_NSAllowsLocalNetworking = YES; IPHONEOS_DEPLOYMENT_TARGET = 17.0; PRODUCT_BUNDLE_IDENTIFIER = lab.webnative.BridgeLabUITests; PRODUCT_NAME = "$(TARGET_NAME)"; SUPPORTED_PLATFORMS = iphonesimulator; SWIFT_VERSION = 5.0; TARGETED_DEVICE_FAMILY = "1,2"; TEST_TARGET_NAME = BridgeLab;}; name = Release; };

/* Begin PBXBuildFile section */
		B10000000000000000000001 /* BridgeLabApp.swift in Sources */ = {isa = PBXBuildFile; fileRef = F10000000000000000000001 /* BridgeLabApp.swift */; };
		B10000000000000000000002 /* BridgeScreen.swift in Sources */ = {isa = PBXBuildFile; fileRef = F10000000000000000000002 /* BridgeScreen.swift */; };
		B10000000000000000000003 /* WKBridgeAdapter.swift in Sources */ = {isa = PBXBuildFile; fileRef = F10000000000000000000003 /* WKBridgeAdapter.swift */; };
		B10000000000000000000004 /* BridgeEngine.swift in Sources */ = {isa = PBXBuildFile; fileRef = F10000000000000000000004 /* BridgeEngine.swift */; };
		B10000000000000000000005 /* BridgePolicies.swift in Sources */ = {isa = PBXBuildFile; fileRef = F10000000000000000000005 /* BridgePolicies.swift */; };
		B10000000000000000000006 /* BridgeEngineTests.swift in Sources */ = {isa = PBXBuildFile; fileRef = F10000000000000000000006 /* BridgeEngineTests.swift */; };
		B10000000000000000000007 /* BridgePolicyTests.swift in Sources */ = {isa = PBXBuildFile; fileRef = F10000000000000000000007 /* BridgePolicyTests.swift */; };
		B10000000000000000000008 /* TransportPackage in Frameworks */ = {isa = PBXBuildFile; productRef = P10000000000000000000001 /* TransportPackage */; };
		B10000000000000000000009 /* TransportPackage in Frameworks */ = {isa = PBXBuildFile; productRef = P10000000000000000000002 /* TransportPackage */; };
		B1000000000000000000000A /* WKBridgeAdapterTests.swift in Sources */ = {isa = PBXBuildFile; fileRef = F1000000000000000000000B /* WKBridgeAdapterTests.swift */; };
/* End PBXBuildFile section */
		B1000000000000000000000B /* BridgeLifecycleCoordinator.swift in Sources */ = {isa = PBXBuildFile; fileRef = F1000000000000000000000C; };
		B1000000000000000000000C /* BridgeLifecycleCoordinatorTests.swift in Sources */ = {isa = PBXBuildFile; fileRef = F1000000000000000000000D; };

/* Begin PBXContainerItemProxy section */
		C10000000000000000000001 = {
			isa = PBXContainerItemProxy;
			containerPortal = A10000000000000000000001 /* Project object */;
			proxyType = 1;
			remoteGlobalIDString = T10000000000000000000001;
			remoteInfo = BridgeLab;
		};
/* End PBXContainerItemProxy section */

/* Begin PBXFileReference section */
		F10000000000000000000001 /* BridgeLabApp.swift */ = {isa = PBXFileReference; lastKnownFileType = sourcecode.swift; path = BridgeLabApp.swift; sourceTree = "<group>"; };
		F10000000000000000000002 /* BridgeScreen.swift */ = {isa = PBXFileReference; lastKnownFileType = sourcecode.swift; path = BridgeScreen.swift; sourceTree = "<group>"; };
		F10000000000000000000003 /* WKBridgeAdapter.swift */ = {isa = PBXFileReference; lastKnownFileType = sourcecode.swift; path = WKBridgeAdapter.swift; sourceTree = "<group>"; };
		F10000000000000000000004 /* BridgeEngine.swift */ = {isa = PBXFileReference; lastKnownFileType = sourcecode.swift; path = BridgeEngine.swift; sourceTree = "<group>"; };
		F10000000000000000000005 /* BridgePolicies.swift */ = {isa = PBXFileReference; lastKnownFileType = sourcecode.swift; path = BridgePolicies.swift; sourceTree = "<group>"; };
		F10000000000000000000006 /* BridgeEngineTests.swift */ = {isa = PBXFileReference; lastKnownFileType = sourcecode.swift; path = BridgeEngineTests.swift; sourceTree = "<group>"; };
		F10000000000000000000007 /* BridgePolicyTests.swift */ = {isa = PBXFileReference; lastKnownFileType = sourcecode.swift; path = BridgePolicyTests.swift; sourceTree = "<group>"; };
		F10000000000000000000008 /* Info.plist */ = {isa = PBXFileReference; lastKnownFileType = text.plist.xml; path = Info.plist; sourceTree = "<group>"; };
		F10000000000000000000009 /* BridgeLab.app */ = {isa = PBXFileReference; explicitFileType = wrapper.application; includeInIndex = 0; path = BridgeLab.app; sourceTree = BUILT_PRODUCTS_DIR; };
		F1000000000000000000000A /* BridgeLabTests.xctest */ = {isa = PBXFileReference; explicitFileType = wrapper.cfbundle; includeInIndex = 0; path = BridgeLabTests.xctest; sourceTree = BUILT_PRODUCTS_DIR; };
		F1000000000000000000000B /* WKBridgeAdapterTests.swift */ = {isa = PBXFileReference; lastKnownFileType = sourcecode.swift; path = WKBridgeAdapterTests.swift; sourceTree = "<group>"; };
/* End PBXFileReference section */
		F1000000000000000000000C = {isa = PBXFileReference; lastKnownFileType = sourcecode.swift; path = BridgeLifecycleCoordinator.swift; sourceTree = "<group>"; };
		F1000000000000000000000D = {isa = PBXFileReference; lastKnownFileType = sourcecode.swift; path = BridgeLifecycleCoordinatorTests.swift; sourceTree = "<group>"; };

/* Begin PBXFrameworksBuildPhase section */
		D10000000000000000000001 = {isa = PBXFrameworksBuildPhase; buildActionMask = 2147483647; files = (B10000000000000000000008 /* TransportPackage in Frameworks */,); runOnlyForDeploymentPostprocessing = 0; };
		D10000000000000000000002 = {isa = PBXFrameworksBuildPhase; buildActionMask = 2147483647; files = (B10000000000000000000009 /* TransportPackage in Frameworks */,); runOnlyForDeploymentPostprocessing = 0; };
/* End PBXFrameworksBuildPhase section */

/* Begin PBXGroup section */
		G10000000000000000000001 = {isa = PBXGroup; children = (F20000000000000000000001, F20000000000000000000002, G10000000000000000000002 /* Sources */, G10000000000000000000005 /* Tests */, G10000000000000000000006 /* Configuration */, G10000000000000000000007 /* Products */,); sourceTree = "<group>"; };
		G10000000000000000000002 /* Sources */ = {isa = PBXGroup; children = (G10000000000000000000003 /* BridgeLabCore */, G10000000000000000000004 /* BridgeLabApp */,); path = Sources; sourceTree = "<group>"; };
		G10000000000000000000003 /* BridgeLabCore */ = {isa = PBXGroup; children = (F10000000000000000000004 /* BridgeEngine.swift */, F10000000000000000000005 /* BridgePolicies.swift */, F1000000000000000000000C,); path = BridgeLabCore; sourceTree = "<group>"; };
		G10000000000000000000004 /* BridgeLabApp */ = {isa = PBXGroup; children = (F10000000000000000000001 /* BridgeLabApp.swift */, F10000000000000000000002 /* BridgeScreen.swift */, F10000000000000000000003 /* WKBridgeAdapter.swift */,); path = BridgeLabApp; sourceTree = "<group>"; };
		G10000000000000000000005 /* Tests */ = {isa = PBXGroup; children = (F10000000000000000000006 /* BridgeEngineTests.swift */, F10000000000000000000007 /* BridgePolicyTests.swift */, F1000000000000000000000B /* WKBridgeAdapterTests.swift */, F1000000000000000000000D,); path = Tests/BridgeLabCoreTests; sourceTree = "<group>"; };
		G10000000000000000000006 /* Configuration */ = {isa = PBXGroup; children = (F10000000000000000000008 /* Info.plist */,); path = BridgeLab; sourceTree = "<group>"; };
		G10000000000000000000007 /* Products */ = {isa = PBXGroup; children = (F10000000000000000000009 /* BridgeLab.app */, F1000000000000000000000A /* BridgeLabTests.xctest */,); name = Products; sourceTree = "<group>"; };
/* End PBXGroup section */

/* Begin PBXNativeTarget section */
		T10000000000000000000001 /* BridgeLab */ = {
			isa = PBXNativeTarget;
			buildConfigurationList = L10000000000000000000002;
			buildPhases = (D10000000000000000000003 /* Sources */, D10000000000000000000001 /* Frameworks */, D10000000000000000000005 /* Resources */,);
			buildRules = ();
			dependencies = ();
			name = BridgeLab;
			packageProductDependencies = (P10000000000000000000001 /* TransportPackage */,);
			productName = BridgeLab;
			productReference = F10000000000000000000009 /* BridgeLab.app */;
			productType = "com.apple.product-type.application";
		};
		T10000000000000000000002 /* BridgeLabTests */ = {
			isa = PBXNativeTarget;
			buildConfigurationList = L10000000000000000000003;
			buildPhases = (D10000000000000000000004 /* Sources */, D10000000000000000000002 /* Frameworks */, D10000000000000000000006 /* Resources */,);
			buildRules = ();
			dependencies = (Y10000000000000000000001 /* PBXTargetDependency */,);
			name = BridgeLabTests;
			packageProductDependencies = (P10000000000000000000002 /* TransportPackage */,);
			productName = BridgeLabTests;
			productReference = F1000000000000000000000A /* BridgeLabTests.xctest */;
			productType = "com.apple.product-type.bundle.unit-test";
		};
/* End PBXNativeTarget section */

/* Begin PBXProject section */
		A10000000000000000000001 /* Project object */ = {
			isa = PBXProject;
			attributes = {BuildIndependentTargetsInParallel = 1; LastSwiftUpdateCheck = 2660; LastUpgradeCheck = 2660; TargetAttributes = {T10000000000000000000001 = {CreatedOnToolsVersion = 26.0;}; T10000000000000000000002 = {CreatedOnToolsVersion = 26.0; TestTargetID = T10000000000000000000001;};};};
			buildConfigurationList = L10000000000000000000001;
			compatibilityVersion = "Xcode 15.0";
			developmentRegion = en;
			hasScannedForEncodings = 0;
			knownRegions = (en, Base,);
			mainGroup = G10000000000000000000001;
			packageReferences = (R10000000000000000000001 /* XCLocalSwiftPackageReference "../native/TransportPackage" */,);
			productRefGroup = G10000000000000000000007 /* Products */;
			projectDirPath = "";
			projectRoot = "";
			targets = (T10000000000000000000001 /* BridgeLab */, T10000000000000000000002 /* BridgeLabTests */, T20000000000000000000001 /* BridgeLabUITests */,);
		};
/* End PBXProject section */

/* Begin PBXResourcesBuildPhase section */
		D10000000000000000000005 = {isa = PBXResourcesBuildPhase; buildActionMask = 2147483647; files = (); runOnlyForDeploymentPostprocessing = 0; };
		D10000000000000000000006 = {isa = PBXResourcesBuildPhase; buildActionMask = 2147483647; files = (); runOnlyForDeploymentPostprocessing = 0; };
/* End PBXResourcesBuildPhase section */

/* Begin PBXSourcesBuildPhase section */
		D10000000000000000000003 = {isa = PBXSourcesBuildPhase; buildActionMask = 2147483647; files = (B10000000000000000000001, B10000000000000000000002, B10000000000000000000003, B10000000000000000000004, B10000000000000000000005, B1000000000000000000000B,); runOnlyForDeploymentPostprocessing = 0; };
		D10000000000000000000004 = {isa = PBXSourcesBuildPhase; buildActionMask = 2147483647; files = (B10000000000000000000006, B10000000000000000000007, B1000000000000000000000A, B1000000000000000000000C, B40000000000000000000001,); runOnlyForDeploymentPostprocessing = 0; };
/* End PBXSourcesBuildPhase section */

/* Begin PBXTargetDependency section */
		Y10000000000000000000001 /* PBXTargetDependency */ = {isa = PBXTargetDependency; target = T10000000000000000000001 /* BridgeLab */; targetProxy = C10000000000000000000001; };
/* End PBXTargetDependency section */

/* Begin XCBuildConfiguration section */
		X10000000000000000000001 /* Debug */ = {isa = XCBuildConfiguration; buildSettings = {CLANG_ENABLE_MODULES = YES; IPHONEOS_DEPLOYMENT_TARGET = 17.0; SDKROOT = iphoneos; SWIFT_VERSION = 5.0;}; name = Debug; };
		X10000000000000000000002 /* Release */ = {isa = XCBuildConfiguration; buildSettings = {CLANG_ENABLE_MODULES = YES; IPHONEOS_DEPLOYMENT_TARGET = 17.0; SDKROOT = iphoneos; SWIFT_COMPILATION_MODE = wholemodule; SWIFT_VERSION = 5.0;}; name = Release; };
		X10000000000000000000003 /* Debug */ = {isa = XCBuildConfiguration; buildSettings = {CODE_SIGNING_ALLOWED = NO; CODE_SIGNING_REQUIRED = NO; ENABLE_PREVIEWS = YES; ENABLE_TESTABILITY = YES; GENERATE_INFOPLIST_FILE = NO; INFOPLIST_FILE = BridgeLab/Info.plist; IPHONEOS_DEPLOYMENT_TARGET = 17.0; ONLY_ACTIVE_ARCH = YES; PRODUCT_BUNDLE_IDENTIFIER = lab.webnative.BridgeLab; PRODUCT_NAME = "$(TARGET_NAME)"; SUPPORTED_PLATFORMS = iphonesimulator; SWIFT_EMIT_LOC_STRINGS = YES; SWIFT_VERSION = 5.0; TARGETED_DEVICE_FAMILY = "1,2";}; name = Debug; };
		X10000000000000000000004 /* Release */ = {isa = XCBuildConfiguration; buildSettings = {CODE_SIGNING_ALLOWED = NO; CODE_SIGNING_REQUIRED = NO; GENERATE_INFOPLIST_FILE = NO; INFOPLIST_FILE = BridgeLab/Info.plist; IPHONEOS_DEPLOYMENT_TARGET = 17.0; PRODUCT_BUNDLE_IDENTIFIER = lab.webnative.BridgeLab; PRODUCT_NAME = "$(TARGET_NAME)"; SUPPORTED_PLATFORMS = iphonesimulator; SWIFT_COMPILATION_MODE = wholemodule; SWIFT_VERSION = 5.0; TARGETED_DEVICE_FAMILY = "1,2";}; name = Release; };
		X10000000000000000000005 /* Debug */ = {isa = XCBuildConfiguration; buildSettings = {BUNDLE_LOADER = "$(TEST_HOST)"; CODE_SIGNING_ALLOWED = NO; CODE_SIGNING_REQUIRED = NO; GENERATE_INFOPLIST_FILE = YES; IPHONEOS_DEPLOYMENT_TARGET = 17.0; ONLY_ACTIVE_ARCH = YES; PRODUCT_BUNDLE_IDENTIFIER = lab.webnative.BridgeLabTests; PRODUCT_NAME = "$(TARGET_NAME)"; SUPPORTED_PLATFORMS = iphonesimulator; SWIFT_VERSION = 5.0; TARGETED_DEVICE_FAMILY = "1,2"; TEST_HOST = "$(BUILT_PRODUCTS_DIR)/BridgeLab.app/BridgeLab";}; name = Debug; };
		X10000000000000000000006 /* Release */ = {isa = XCBuildConfiguration; buildSettings = {BUNDLE_LOADER = "$(TEST_HOST)"; CODE_SIGNING_ALLOWED = NO; CODE_SIGNING_REQUIRED = NO; GENERATE_INFOPLIST_FILE = YES; IPHONEOS_DEPLOYMENT_TARGET = 17.0; PRODUCT_BUNDLE_IDENTIFIER = lab.webnative.BridgeLabTests; PRODUCT_NAME = "$(TARGET_NAME)"; SUPPORTED_PLATFORMS = iphonesimulator; SWIFT_VERSION = 5.0; TARGETED_DEVICE_FAMILY = "1,2"; TEST_HOST = "$(BUILT_PRODUCTS_DIR)/BridgeLab.app/BridgeLab";}; name = Release; };
/* End XCBuildConfiguration section */

/* Begin XCConfigurationList section */
		L10000000000000000000001 = {isa = XCConfigurationList; buildConfigurations = (X10000000000000000000001, X10000000000000000000002,); defaultConfigurationIsVisible = 0; defaultConfigurationName = Release; };
		L10000000000000000000002 = {isa = XCConfigurationList; buildConfigurations = (X10000000000000000000003, X10000000000000000000004,); defaultConfigurationIsVisible = 0; defaultConfigurationName = Release; };
		L10000000000000000000003 = {isa = XCConfigurationList; buildConfigurations = (X10000000000000000000005, X10000000000000000000006,); defaultConfigurationIsVisible = 0; defaultConfigurationName = Release; };
/* End XCConfigurationList section */

/* Begin XCLocalSwiftPackageReference section */
		R10000000000000000000001 /* XCLocalSwiftPackageReference "../native/TransportPackage" */ = {isa = XCLocalSwiftPackageReference; relativePath = ../native/TransportPackage; };
/* End XCLocalSwiftPackageReference section */

/* Begin XCSwiftPackageProductDependency section */
		P10000000000000000000001 /* TransportPackage */ = {isa = XCSwiftPackageProductDependency; package = R10000000000000000000001; productName = TransportPackage; };
		P10000000000000000000002 /* TransportPackage */ = {isa = XCSwiftPackageProductDependency; package = R10000000000000000000001; productName = TransportPackage; };
/* End XCSwiftPackageProductDependency section */
	};
	rootObject = A10000000000000000000001 /* Project object */;
}
